
Microsoft Visual Studio Solution File, Format Version 12.00
# Visual Studio 15
VisualStudioVersion = 15.0.28307.705
MinimumVisualStudioVersion = 10.0.40219.1
Project("{FAE04EC0-301F-11D3-BF4B-00C04F79EFBC}") = "GTFO_Difficulty_Tweaker", "GTFO_Difficulty_Tweaker.csproj", "{06D0493B-17E3-43F1-810C-3F84B2E890FE}"
EndProject
Global
	GlobalSection(SolutionConfigurationPlatforms) = preSolution
		Debug|Any CPU = Debug|Any CPU
		Release|Any CPU = Release|Any CPU
	EndGlobalSection
	GlobalSection(ProjectConfigurationPlatforms) = postSolution
		{06D0493B-17E3-43F1-810C-3F84B2E890FE}.Debug|Any CPU.ActiveCfg = Debug|Any CPU
		{06D0493B-17E3-43F1-810C-3F84B2E890FE}.Debug|Any CPU.Build.0 = Debug|Any CPU
		{06D0493B-17E3-43F1-810C-3F84B2E890FE}.Release|Any CPU.ActiveCfg = Release|Any CPU
		{06D0493B-17E3-43F1-810C-3F84B2E890FE}.Release|Any CPU.Build.0 = Release|Any CPU
	EndGlobalSection
	GlobalSection(SolutionProperties) = preSolution
		HideSolutionNode = FALSE
	EndGlobalSection
	GlobalSection(ExtensibilityGlobals) = postSolution
		SolutionGuid = {9A3C95BC-2980-444E-A011-51F77C3B78BC}
	EndGlobalSection
EndGlobal
